
Microsoft Visual Studio Solution File, Format Version 12.00
# Visual Studio 15
VisualStudioVersion = 15.0.28307.1145
MinimumVisualStudioVersion = 10.0.40219.1
Project("{FAE04EC0-301F-11D3-BF4B-00C04F79EFBC}") = "StoreInterface", "StoreInterface\StoreInterface.csproj", "{23C274FB-B77E-4604-9568-D44997572BB5}"
EndProject
Global
	GlobalSection(SolutionConfigurationPlatforms) = preSolution
		Debug|Any CPU = Debug|Any CPU
		Release|Any CPU = Release|Any CPU
	EndGlobalSection
	GlobalSection(ProjectConfigurationPlatforms) = postSolution
		{23C274FB-B77E-4604-9568-D44997572BB5}.Debug|Any CPU.ActiveCfg = Debug|Any CPU
		{23C274FB-B77E-4604-9568-D44997572BB5}.Debug|Any CPU.Build.0 = Debug|Any CPU
		{23C274FB-B77E-4604-9568-D44997572BB5}.Release|Any CPU.ActiveCfg = Release|Any CPU
		{23C274FB-B77E-4604-9568-D44997572BB5}.Release|Any CPU.Build.0 = Release|Any CPU
	EndGlobalSection
	GlobalSection(SolutionProperties) = preSolution
		HideSolutionNode = FALSE
	EndGlobalSection
	GlobalSection(ExtensibilityGlobals) = postSolution
		SolutionGuid = {B35D35C3-7511-4224-BFB7-5CBB55A8E400}
	EndGlobalSection
EndGlobal
